
Microsoft Visual Studio Solution File, Format Version 12.00
# Visual Studio Version 17
VisualStudioVersion = 17.0.31912.275
MinimumVisualStudioVersion = 10.0.40219.1
Project("{FAE04EC0-301F-11D3-BF4B-00C04F79EFBC}") = "VendingMachine", "VendingMachine.csproj", "{6A43C50F-0D14-48A9-9E87-A6B12D8F3776}"
EndProject
Project("{FAE04EC0-301F-11D3-BF4B-00C04F79EFBC}") = "VendingMachine.Models", "..\VendingMachine.Models\VendingMachine.Models.csproj", "{775313C2-23DE-4153-B699-EF2182EFF4E2}"
EndProject
Project("{FAE04EC0-301F-11D3-BF4B-00C04F79EFBC}") = "VendingMachineTest", "..\VendingMachineTest\VendingMachineTest.csproj", "{C568B683-8EFB-44B4-9229-7D864653BEAA}"
EndProject
Global
	GlobalSection(SolutionConfigurationPlatforms) = preSolution
		Debug|Any CPU = Debug|Any CPU
		Release|Any CPU = Release|Any CPU
	EndGlobalSection
	GlobalSection(ProjectConfigurationPlatforms) = postSolution
		{6A43C50F-0D14-48A9-9E87-A6B12D8F3776}.Debug|Any CPU.ActiveCfg = Debug|Any CPU
		{6A43C50F-0D14-48A9-9E87-A6B12D8F3776}.Debug|Any CPU.Build.0 = Debug|Any CPU
		{6A43C50F-0D14-48A9-9E87-A6B12D8F3776}.Release|Any CPU.ActiveCfg = Release|Any CPU
		{6A43C50F-0D14-48A9-9E87-A6B12D8F3776}.Release|Any CPU.Build.0 = Release|Any CPU
		{775313C2-23DE-4153-B699-EF2182EFF4E2}.Debug|Any CPU.ActiveCfg = Debug|Any CPU
		{775313C2-23DE-4153-B699-EF2182EFF4E2}.Debug|Any CPU.Build.0 = Debug|Any CPU
		{775313C2-23DE-4153-B699-EF2182EFF4E2}.Release|Any CPU.ActiveCfg = Release|Any CPU
		{775313C2-23DE-4153-B699-EF2182EFF4E2}.Release|Any CPU.Build.0 = Release|Any CPU
		{C568B683-8EFB-44B4-9229-7D864653BEAA}.Debug|Any CPU.ActiveCfg = Debug|Any CPU
		{C568B683-8EFB-44B4-9229-7D864653BEAA}.Debug|Any CPU.Build.0 = Debug|Any CPU
		{C568B683-8EFB-44B4-9229-7D864653BEAA}.Release|Any CPU.ActiveCfg = Release|Any CPU
		{C568B683-8EFB-44B4-9229-7D864653BEAA}.Release|Any CPU.Build.0 = Release|Any CPU
	EndGlobalSection
	GlobalSection(SolutionProperties) = preSolution
		HideSolutionNode = FALSE
	EndGlobalSection
	GlobalSection(ExtensibilityGlobals) = postSolution
		SolutionGuid = {F0700F2C-0617-4560-B505-90C03BDB43CC}
	EndGlobalSection
EndGlobal
